{
  "name": "basics",
  "version": "1.0.0",
  "lockfileVersion": 1,
  "requires": true,
  "dependencies": {
    "@angular/common": {
      "version": "8.2.7",
      "resolved": "https://registry.npmjs.org/@angular/common/-/common-8.2.7.tgz",
      "integrity": "sha512-Hopy7Mepx7S7oGsXfxOsC3/MkeQRlaeQtJxd+Gh/KFyN4o52cqJOWTQOKKKzHRkaotCTHHblebOpR64h7k5YJg==",
      "requires": {
        "tslib": "1.10.0"
      }
    },
    "@angular/compiler": {
      "version": "8.2.7",
      "resolved": "https://registry.npmjs.org/@angular/compiler/-/compiler-8.2.7.tgz",
      "integrity": "sha512-RLXJMe+YW5a6mOj1Cxx4AkjaZX0JuerPQs4KgKx2mQXRP0LtI4+6qg2+Kds6gIJxUd1Fx9oqAflRGDPchyJaxA==",
      "requires": {
        "tslib": "1.10.0"
      }
    },
    "@angular/core": {
      "version": "8.2.7",
      "resolved": "https://registry.npmjs.org/@angular/core/-/core-8.2.7.tgz",
      "integrity": "sha512-TRGnrxRMM6JyFqgw6EFBTlZKRrZ/MkIMgnAAdk7d0ftGdsi0fao9y+hBO/oVOJjCqeEt0tkHtHhIoXEkZSs84g==",
      "requires": {
        "tslib": "1.10.0"
      }
    },
    "@angular/platform-browser": {
      "version": "8.2.7",
      "resolved": "https://registry.npmjs.org/@angular/platform-browser/-/platform-browser-8.2.7.tgz",
      "integrity": "sha512-NJTv/02xOWHuLIdrdt+UWb4qRNyd7FqR/ADC4TZQWS1zPxQyEVOsdXfwtDdC01UEDsKeVwp/CV4nmNdPIFynAw==",
      "requires": {
        "tslib": "1.10.0"
      }
    },
    "@angular/platform-browser-dynamic": {
      "version": "8.2.7",
      "resolved": "https://registry.npmjs.org/@angular/platform-browser-dynamic/-/platform-browser-dynamic-8.2.7.tgz",
      "integrity": "sha512-h1uhP4C+uuc5dAugerO5/tnXc4r1KcQf1lTqicv+qTBg53mxTsiya50QhO60A3sNuAGp9kVCO5PIrE6VhmRnSQ==",
      "requires": {
        "tslib": "1.10.0"
      }
    },
    "@angular/router": {
      "version": "8.2.7",
      "resolved": "https://registry.npmjs.org/@angular/router/-/router-8.2.7.tgz",
      "integrity": "sha512-nqTr7N0eomlcV9epX5M8J6Q1pUYR+E/MRYRbme/HgUwfVHd1dawgwVWktKJz3cf16OJJxPMFroN8p4XGS669Ew==",
      "requires": {
        "tslib": "1.10.0"
      }
    },
    "core-js": {
      "version": "3.2.1",
      "resolved": "https://registry.npmjs.org/core-js/-/core-js-3.2.1.tgz",
      "integrity": "sha512-Qa5XSVefSVPRxy2XfUC13WbvqkxhkwB3ve+pgCQveNgYzbM/UxZeu1dcOX/xr4UmfUd+muuvsaxilQzCyUurMw=="
    },
    "rxjs": {
      "version": "6.5.3",
      "resolved": "https://registry.npmjs.org/rxjs/-/rxjs-6.5.3.tgz",
      "integrity": "sha512-wuYsAYYFdWTAnAaPoKGNhfpWwKZbJW+HgAJ+mImp+Epl7BG8oNWBCTyRM8gba9k4lk8BgWdoYm21Mo/RYhhbgA==",
      "requires": {
        "tslib": "1.10.0"
      }
    },
    "systemjs": {
      "version": "6.1.2",
      "resolved": "https://registry.npmjs.org/systemjs/-/systemjs-6.1.2.tgz",
      "integrity": "sha512-QN0E62xEGCjp4+Wwg5o50CgdlMkQdUkiw5rHKQNJ454iKJCsFmQjPBoCEs1xq8mM/J+eYtLkZS0JCcay/gaEFw=="
    },
    "tslib": {
      "version": "1.10.0",
      "resolved": "https://registry.npmjs.org/tslib/-/tslib-1.10.0.tgz",
      "integrity": "sha512-qOebF53frne81cf0S9B41ByenJ3/IuH8yJKngAX35CmiZySA0khhkovshKK+jGCaMnVomla7gVlIcc3EvKPbTQ=="
    },
    "zone.js": {
      "version": "0.10.2",
      "resolved": "https://registry.npmjs.org/zone.js/-/zone.js-0.10.2.tgz",
      "integrity": "sha512-UAYfiuvxLN4oyuqhJwd21Uxb4CNawrq6fPS/05Su5L4G+1TN+HVDJMUHNMobVQDFJRir2cLAODXwluaOKB7HFg=="
    }
  }
}
